
Microsoft Visual Studio Solution File, Format Version 12.00
# Visual Studio Version 16
VisualStudioVersion = 16.0.32106.194
MinimumVisualStudioVersion = 10.0.40219.1
Project("{FAE04EC0-301F-11D3-BF4B-00C04F79EFBC}") = "BuscaCEP.Mobile.Android", "BuscaCEP.Mobile\BuscaCEP.Mobile.Android\BuscaCEP.Mobile.Android.csproj", "{86652616-F7C7-4156-93A3-CBEE563B83B1}"
EndProject
Project("{FAE04EC0-301F-11D3-BF4B-00C04F79EFBC}") = "BuscaCEP.Mobile.iOS", "BuscaCEP.Mobile\BuscaCEP.Mobile.iOS\BuscaCEP.Mobile.iOS.csproj", "{2BE86A29-C3F1-416D-BDBB-920DFE754686}"
EndProject
Project("{FAE04EC0-301F-11D3-BF4B-00C04F79EFBC}") = "BuscaCEP.Mobile", "BuscaCEP.Mobile\BuscaCEP.Mobile\BuscaCEP.Mobile.csproj", "{F87173ED-F86F-4A04-9A15-4C7C2380E197}"
EndProject
Global
	GlobalSection(SolutionConfigurationPlatforms) = preSolution
		Debug|Any CPU = Debug|Any CPU
		Debug|iPhone = Debug|iPhone
		Debug|iPhoneSimulator = Debug|iPhoneSimulator
		Release|Any CPU = Release|Any CPU
		Release|iPhone = Release|iPhone
		Release|iPhoneSimulator = Release|iPhoneSimulator
	EndGlobalSection
	GlobalSection(ProjectConfigurationPlatforms) = postSolution
		{86652616-F7C7-4156-93A3-CBEE563B83B1}.Debug|Any CPU.ActiveCfg = Debug|Any CPU
		{86652616-F7C7-4156-93A3-CBEE563B83B1}.Debug|Any CPU.Build.0 = Debug|Any CPU
		{86652616-F7C7-4156-93A3-CBEE563B83B1}.Debug|Any CPU.Deploy.0 = Debug|Any CPU
		{86652616-F7C7-4156-93A3-CBEE563B83B1}.Debug|iPhone.ActiveCfg = Debug|Any CPU
		{86652616-F7C7-4156-93A3-CBEE563B83B1}.Debug|iPhone.Build.0 = Debug|Any CPU
		{86652616-F7C7-4156-93A3-CBEE563B83B1}.Debug|iPhone.Deploy.0 = Debug|Any CPU
		{86652616-F7C7-4156-93A3-CBEE563B83B1}.Debug|iPhoneSimulator.ActiveCfg = Debug|Any CPU
		{86652616-F7C7-4156-93A3-CBEE563B83B1}.Debug|iPhoneSimulator.Build.0 = Debug|Any CPU
		{86652616-F7C7-4156-93A3-CBEE563B83B1}.Debug|iPhoneSimulator.Deploy.0 = Debug|Any CPU
		{86652616-F7C7-4156-93A3-CBEE563B83B1}.Release|Any CPU.ActiveCfg = Release|Any CPU
		{86652616-F7C7-4156-93A3-CBEE563B83B1}.Release|Any CPU.Build.0 = Release|Any CPU
		{86652616-F7C7-4156-93A3-CBEE563B83B1}.Release|Any CPU.Deploy.0 = Release|Any CPU
		{86652616-F7C7-4156-93A3-CBEE563B83B1}.Release|iPhone.ActiveCfg = Release|Any CPU
		{86652616-F7C7-4156-93A3-CBEE563B83B1}.Release|iPhone.Build.0 = Release|Any CPU
		{86652616-F7C7-4156-93A3-CBEE563B83B1}.Release|iPhone.Deploy.0 = Release|Any CPU
		{86652616-F7C7-4156-93A3-CBEE563B83B1}.Release|iPhoneSimulator.ActiveCfg = Release|Any CPU
		{86652616-F7C7-4156-93A3-CBEE563B83B1}.Release|iPhoneSimulator.Build.0 = Release|Any CPU
		{86652616-F7C7-4156-93A3-CBEE563B83B1}.Release|iPhoneSimulator.Deploy.0 = Release|Any CPU
		{2BE86A29-C3F1-416D-BDBB-920DFE754686}.Debug|Any CPU.ActiveCfg = Debug|iPhone
		{2BE86A29-C3F1-416D-BDBB-920DFE754686}.Debug|Any CPU.Build.0 = Debug|iPhone
		{2BE86A29-C3F1-416D-BDBB-920DFE754686}.Debug|Any CPU.Deploy.0 = Debug|iPhone
		{2BE86A29-C3F1-416D-BDBB-920DFE754686}.Debug|iPhone.ActiveCfg = Debug|iPhone
		{2BE86A29-C3F1-416D-BDBB-920DFE754686}.Debug|iPhone.Build.0 = Debug|iPhone
		{2BE86A29-C3F1-416D-BDBB-920DFE754686}.Debug|iPhone.Deploy.0 = Debug|iPhone
		{2BE86A29-C3F1-416D-BDBB-920DFE754686}.Debug|iPhoneSimulator.ActiveCfg = Debug|iPhoneSimulator
		{2BE86A29-C3F1-416D-BDBB-920DFE754686}.Debug|iPhoneSimulator.Build.0 = Debug|iPhoneSimulator
		{2BE86A29-C3F1-416D-BDBB-920DFE754686}.Debug|iPhoneSimulator.Deploy.0 = Debug|iPhoneSimulator
		{2BE86A29-C3F1-416D-BDBB-920DFE754686}.Release|Any CPU.ActiveCfg = Release|iPhoneSimulator
		{2BE86A29-C3F1-416D-BDBB-920DFE754686}.Release|Any CPU.Build.0 = Release|iPhoneSimulator
		{2BE86A29-C3F1-416D-BDBB-920DFE754686}.Release|Any CPU.Deploy.0 = Release|iPhoneSimulator
		{2BE86A29-C3F1-416D-BDBB-920DFE754686}.Release|iPhone.ActiveCfg = Release|iPhone
		{2BE86A29-C3F1-416D-BDBB-920DFE754686}.Release|iPhone.Build.0 = Release|iPhone
		{2BE86A29-C3F1-416D-BDBB-920DFE754686}.Release|iPhone.Deploy.0 = Release|iPhone
		{2BE86A29-C3F1-416D-BDBB-920DFE754686}.Release|iPhoneSimulator.ActiveCfg = Release|iPhoneSimulator
		{2BE86A29-C3F1-416D-BDBB-920DFE754686}.Release|iPhoneSimulator.Build.0 = Release|iPhoneSimulator
		{2BE86A29-C3F1-416D-BDBB-920DFE754686}.Release|iPhoneSimulator.Deploy.0 = Release|iPhoneSimulator
		{F87173ED-F86F-4A04-9A15-4C7C2380E197}.Debug|Any CPU.ActiveCfg = Debug|Any CPU
		{F87173ED-F86F-4A04-9A15-4C7C2380E197}.Debug|Any CPU.Build.0 = Debug|Any CPU
		{F87173ED-F86F-4A04-9A15-4C7C2380E197}.Debug|Any CPU.Deploy.0 = Debug|Any CPU
		{F87173ED-F86F-4A04-9A15-4C7C2380E197}.Debug|iPhone.ActiveCfg = Debug|Any CPU
		{F87173ED-F86F-4A04-9A15-4C7C2380E197}.Debug|iPhone.Build.0 = Debug|Any CPU
		{F87173ED-F86F-4A04-9A15-4C7C2380E197}.Debug|iPhone.Deploy.0 = Debug|Any CPU
		{F87173ED-F86F-4A04-9A15-4C7C2380E197}.Debug|iPhoneSimulator.ActiveCfg = Debug|Any CPU
		{F87173ED-F86F-4A04-9A15-4C7C2380E197}.Debug|iPhoneSimulator.Build.0 = Debug|Any CPU
		{F87173ED-F86F-4A04-9A15-4C7C2380E197}.Debug|iPhoneSimulator.Deploy.0 = Debug|Any CPU
		{F87173ED-F86F-4A04-9A15-4C7C2380E197}.Release|Any CPU.ActiveCfg = Release|Any CPU
		{F87173ED-F86F-4A04-9A15-4C7C2380E197}.Release|Any CPU.Build.0 = Release|Any CPU
		{F87173ED-F86F-4A04-9A15-4C7C2380E197}.Release|Any CPU.Deploy.0 = Release|Any CPU
		{F87173ED-F86F-4A04-9A15-4C7C2380E197}.Release|iPhone.ActiveCfg = Release|Any CPU
		{F87173ED-F86F-4A04-9A15-4C7C2380E197}.Release|iPhone.Build.0 = Release|Any CPU
		{F87173ED-F86F-4A04-9A15-4C7C2380E197}.Release|iPhone.Deploy.0 = Release|Any CPU
		{F87173ED-F86F-4A04-9A15-4C7C2380E197}.Release|iPhoneSimulator.ActiveCfg = Release|Any CPU
		{F87173ED-F86F-4A04-9A15-4C7C2380E197}.Release|iPhoneSimulator.Build.0 = Release|Any CPU
		{F87173ED-F86F-4A04-9A15-4C7C2380E197}.Release|iPhoneSimulator.Deploy.0 = Release|Any CPU
	EndGlobalSection
	GlobalSection(SolutionProperties) = preSolution
		HideSolutionNode = FALSE
	EndGlobalSection
	GlobalSection(ExtensibilityGlobals) = postSolution
		SolutionGuid = {0FE02993-2AA7-4929-867E-89FA1AFEE30E}
	EndGlobalSection
EndGlobal
